// !$*UTF8*$!
{
	archiveVersion = 1;
	classes = {
	};
	objectVersion = 46;
	objects = {

/* Begin PBXBuildFile section */
		D37CBDCB1DB3F2DC0055C9EB /* main.m in Sources */ = {isa = PBXBuildFile; fileRef = D37CBDCA1DB3F2DC0055C9EB /* main.m */; };
		D37CBDCE1DB3F2DC0055C9EB /* AppDelegate.m in Sources */ = {isa = PBXBuildFile; fileRef = D37CBDCD1DB3F2DC0055C9EB /* AppDelegate.m */; };
		D37CBDD11DB3F2DC0055C9EB /* ViewController.m in Sources */ = {isa = PBXBuildFile; fileRef = D37CBDD01DB3F2DC0055C9EB /* ViewController.m */; };
		D37CBDD41DB3F2DC0055C9EB /* Main.storyboard in Resources */ = {isa = PBXBuildFile; fileRef = D37CBDD21DB3F2DC0055C9EB /* Main.storyboard */; };
		D37CBDD61DB3F2DC0055C9EB /* Assets.xcassets in Resources */ = {isa = PBXBuildFile; fileRef = D37CBDD51DB3F2DC0055C9EB /* Assets.xcassets */; };
		D37CBDD91DB3F2DC0055C9EB /* LaunchScreen.storyboard in Resources */ = {isa = PBXBuildFile; fileRef = D37CBDD71DB3F2DC0055C9EB /* LaunchScreen.storyboard */; };
/* End PBXBuildFile section */

/* Begin PBXFileReference section */
		D37CBDC61DB3F2DC0055C9EB /* часпм.app */ = {isa = PBXFileReference; explicitFileType = wrapper.application; includeInIndex = 0; path = "часпм.app"; sourceTree = BUILT_PRODUCTS_DIR; };
		D37CBDCA1DB3F2DC0055C9EB /* main.m */ = {isa = PBXFileReference; lastKnownFileType = sourcecode.c.objc; path = main.m; sourceTree = "<group>"; };
		D37CBDCC1DB3F2DC0055C9EB /* AppDelegate.h */ = {isa = PBXFileReference; lastKnownFileType = sourcecode.c.h; path = AppDelegate.h; sourceTree = "<group>"; };
		D37CBDCD1DB3F2DC0055C9EB /* AppDelegate.m */ = {isa = PBXFileReference; lastKnownFileType = sourcecode.c.objc; path = AppDelegate.m; sourceTree = "<group>"; };
		D37CBDCF1DB3F2DC0055C9EB /* ViewController.h */ = {isa = PBXFileReference; lastKnownFileType = sourcecode.c.h; path = ViewController.h; sourceTree = "<group>"; };
		D37CBDD01DB3F2DC0055C9EB /* ViewController.m */ = {isa = PBXFileReference; lastKnownFileType = sourcecode.c.objc; path = ViewController.m; sourceTree = "<group>"; };
		D37CBDD31DB3F2DC0055C9EB /* Base */ = {isa = PBXFileReference; lastKnownFileType = file.storyboard; name = Base; path = Base.lproj/Main.storyboard; sourceTree = "<group>"; };
		D37CBDD51DB3F2DC0055C9EB /* Assets.xcassets */ = {isa = PBXFileReference; lastKnownFileType = folder.assetcatalog; path = Assets.xcassets; sourceTree = "<group>"; };
		D37CBDD81DB3F2DC0055C9EB /* Base */ = {isa = PBXFileReference; lastKnownFileType = file.storyboard; name = Base; path = Base.lproj/LaunchScreen.storyboard; sourceTree = "<group>"; };
		D37CBDDA1DB3F2DC0055C9EB /* Info.plist */ = {isa = PBXFileReference; lastKnownFileType = text.plist.xml; path = Info.plist; sourceTree = "<group>"; };
/* End PBXFileReference section */

/* Begin PBXFrameworksBuildPhase section */
		D37CBDC31DB3F2DC0055C9EB /* Frameworks */ = {
			isa = PBXFrameworksBuildPhase;
			buildActionMask = 2147483647;
			files = (
			);
			runOnlyForDeploymentPostprocessing = 0;
		};
/* End PBXFrameworksBuildPhase section */

/* Begin PBXGroup section */
		D37CBDBD1DB3F2DC0055C9EB = {
			isa = PBXGroup;
			children = (
				D37CBDC81DB3F2DC0055C9EB /* часпм */,
				D37CBDC71DB3F2DC0055C9EB /* Products */,
			);
			sourceTree = "<group>";
		};
		D37CBDC71DB3F2DC0055C9EB /* Products */ = {
			isa = PBXGroup;
			children = (
				D37CBDC61DB3F2DC0055C9EB /* часпм.app */,
			);
			name = Products;
			sourceTree = "<group>";
		};
		D37CBDC81DB3F2DC0055C9EB /* часпм */ = {
			isa = PBXGroup;
			children = (
				D37CBDCC1DB3F2DC0055C9EB /* AppDelegate.h */,
				D37CBDCD1DB3F2DC0055C9EB /* AppDelegate.m */,
				D37CBDCF1DB3F2DC0055C9EB /* ViewController.h */,
				D37CBDD01DB3F2DC0055C9EB /* ViewController.m */,
				D37CBDD21DB3F2DC0055C9EB /* Main.storyboard */,
				D37CBDD51DB3F2DC0055C9EB /* Assets.xcassets */,
				D37CBDD71DB3F2DC0055C9EB /* LaunchScreen.storyboard */,
				D37CBDDA1DB3F2DC0055C9EB /* Info.plist */,
				D37CBDC91DB3F2DC0055C9EB /* Supporting Files */,
			);
			path = "часпм";
			sourceTree = "<group>";
		};
		D37CBDC91DB3F2DC0055C9EB /* Supporting Files */ = {
			isa = PBXGroup;
			children = (
				D37CBDCA1DB3F2DC0055C9EB /* main.m */,
			);
			name = "Supporting Files";
			sourceTree = "<group>";
		};
/* End PBXGroup section */

/* Begin PBXNativeTarget section */
		D37CBDC51DB3F2DC0055C9EB /* часпм */ = {
			isa = PBXNativeTarget;
			buildConfigurationList = D37CBDDD1DB3F2DC0055C9EB /* Build configuration list for PBXNativeTarget "часпм" */;
			buildPhases = (
				D37CBDC21DB3F2DC0055C9EB /* Sources */,
				D37CBDC31DB3F2DC0055C9EB /* Frameworks */,
				D37CBDC41DB3F2DC0055C9EB /* Resources */,
			);
			buildRules = (
			);
			dependencies = (
			);
			name = "часпм";
			productName = "часпм";
			productReference = D37CBDC61DB3F2DC0055C9EB /* часпм.app */;
			productType = "com.apple.product-type.application";
		};
/* End PBXNativeTarget section */

/* Begin PBXProject section */
		D37CBDBE1DB3F2DC0055C9EB /* Project object */ = {
			isa = PBXProject;
			attributes = {
				LastUpgradeCheck = 0800;
				ORGANIZATIONNAME = ivanSmirnov;
				TargetAttributes = {
					D37CBDC51DB3F2DC0055C9EB = {
						CreatedOnToolsVersion = 8.0;
						ProvisioningStyle = Automatic;
					};
				};
			};
			buildConfigurationList = D37CBDC11DB3F2DC0055C9EB /* Build configuration list for PBXProject "часпм" */;
			compatibilityVersion = "Xcode 3.2";
			developmentRegion = English;
			hasScannedForEncodings = 0;
			knownRegions = (
				en,
				Base,
			);
			mainGroup = D37CBDBD1DB3F2DC0055C9EB;
			productRefGroup = D37CBDC71DB3F2DC0055C9EB /* Products */;
			projectDirPath = "";
			projectRoot = "";
			targets = (
				D37CBDC51DB3F2DC0055C9EB /* часпм */,
			);
		};
/* End PBXProject section */

/* Begin PBXResourcesBuildPhase section */
		D37CBDC41DB3F2DC0055C9EB /* Resources */ = {
			isa = PBXResourcesBuildPhase;
			buildActionMask = 2147483647;
			files = (
				D37CBDD91DB3F2DC0055C9EB /* LaunchScreen.storyboard in Resources */,
				D37CBDD61DB3F2DC0055C9EB /* Assets.xcassets in Resources */,
				D37CBDD41DB3F2DC0055C9EB /* Main.storyboard in Resources */,
			);
			runOnlyForDeploymentPostprocessing = 0;
		};
/* End PBXResourcesBuildPhase section */

/* Begin PBXSourcesBuildPhase section */
		D37CBDC21DB3F2DC0055C9EB /* Sources */ = {
			isa = PBXSourcesBuildPhase;
			buildActionMask = 2147483647;
			files = (
				D37CBDD11DB3F2DC0055C9EB /* ViewController.m in Sources */,
				D37CBDCE1DB3F2DC0055C9EB /* AppDelegate.m in Sources */,
				D37CBDCB1DB3F2DC0055C9EB /* main.m in Sources */,
			);
			runOnlyForDeploymentPostprocessing = 0;
		};
/* End PBXSourcesBuildPhase section */

/* Begin PBXVariantGroup section */
		D37CBDD21DB3F2DC0055C9EB /* Main.storyboard */ = {
			isa = PBXVariantGroup;
			children = (
				D37CBDD31DB3F2DC0055C9EB /* Base */,
			);
			name = Main.storyboard;
			sourceTree = "<group>";
		};
		D37CBDD71DB3F2DC0055C9EB /* LaunchScreen.storyboard */ = {
			isa = PBXVariantGroup;
			children = (
				D37CBDD81DB3F2DC0055C9EB /* Base */,
			);
			name = LaunchScreen.storyboard;
			sourceTree = "<group>";
		};
/* End PBXVariantGroup section */

/* Begin XCBuildConfiguration section */
		D37CBDDB1DB3F2DC0055C9EB /* Debug */ = {
			isa = XCBuildConfiguration;
			buildSettings = {
				ALWAYS_SEARCH_USER_PATHS = NO;
				CLANG_ANALYZER_NONNULL = YES;
				CLANG_CXX_LANGUAGE_STANDARD = "gnu++0x";
				CLANG_CXX_LIBRARY = "libc++";
				CLANG_ENABLE_MODULES = YES;
				CLANG_ENABLE_OBJC_ARC = YES;
				CLANG_WARN_BOOL_CONVERSION = YES;
				CLANG_WARN_CONSTANT_CONVERSION = YES;
				CLANG_WARN_DIRECT_OBJC_ISA_USAGE = YES_ERROR;
				CLANG_WARN_DOCUMENTATION_COMMENTS = YES;
				CLANG_WARN_EMPTY_BODY = YES;
				CLANG_WARN_ENUM_CONVERSION = YES;
				CLANG_WARN_INFINITE_RECURSION = YES;
				CLANG_WARN_INT_CONVERSION = YES;
				CLANG_WARN_OBJC_ROOT_CLASS = YES_ERROR;
				CLANG_WARN_SUSPICIOUS_MOVES = YES;
				CLANG_WARN_UNREACHABLE_CODE = YES;
				CLANG_WARN__DUPLICATE_METHOD_MATCH = YES;
				"CODE_SIGN_IDENTITY[sdk=iphoneos*]" = "iPhone Developer";
				COPY_PHASE_STRIP = NO;
				DEBUG_INFORMATION_FORMAT = dwarf;
				ENABLE_STRICT_OBJC_MSGSEND = YES;
				ENABLE_TESTABILITY = YES;
				GCC_C_LANGUAGE_STANDARD = gnu99;
				GCC_DYNAMIC_NO_PIC = NO;
				GCC_NO_COMMON_BLOCKS = YES;
				GCC_OPTIMIZATION_LEVEL = 0;
				GCC_PREPROCESSOR_DEFINITIONS = (
					"DEBUG=1",
					"$(inherited)",
				);
				GCC_WARN_64_TO_32_BIT_CONVERSION = YES;
				GCC_WARN_ABOUT_RETURN_TYPE = YES_ERROR;
				GCC_WARN_UNDECLARED_SELECTOR = YES;
				GCC_WARN_UNINITIALIZED_AUTOS = YES_AGGRESSIVE;
				GCC_WARN_UNUSED_FUNCTION = YES;
				GCC_WARN_UNUSED_VARIABLE = YES;
				IPHONEOS_DEPLOYMENT_TARGET = 10.0;
				MTL_ENABLE_DEBUG_INFO = YES;
				ONLY_ACTIVE_ARCH = YES;
				SDKROOT = iphoneos;
			};
			name = Debug;
		};
		D37CBDDC1DB3F2DC0055C9EB /* Release */ = {
			isa = XCBuildConfiguration;
			buildSettings = {
				ALWAYS_SEARCH_USER_PATHS = NO;
				CLANG_ANALYZER_NONNULL = YES;
				CLANG_CXX_LANGUAGE_STANDARD = "gnu++0x";
				CLANG_CXX_LIBRARY = "libc++";
				CLANG_ENABLE_MODULES = YES;
				CLANG_ENABLE_OBJC_ARC = YES;
				CLANG_WARN_BOOL_CONVERSION = YES;
				CLANG_WARN_CONSTANT_CONVERSION = YES;
				CLANG_WARN_DIRECT_OBJC_ISA_USAGE = YES_ERROR;
				CLANG_WARN_DOCUMENTATION_COMMENTS = YES;
				CLANG_WARN_EMPTY_BODY = YES;
				CLANG_WARN_ENUM_CONVERSION = YES;
				CLANG_WARN_INFINITE_RECURSION = YES;
				CLANG_WARN_INT_CONVERSION = YES;
				CLANG_WARN_OBJC_ROOT_CLASS = YES_ERROR;
				CLANG_WARN_SUSPICIOUS_MOVES = YES;
				CLANG_WARN_UNREACHABLE_CODE = YES;
				CLANG_WARN__DUPLICATE_METHOD_MATCH = YES;
				"CODE_SIGN_IDENTITY[sdk=iphoneos*]" = "iPhone Developer";
				COPY_PHASE_STRIP = NO;
				DEBUG_INFORMATION_FORMAT = "dwarf-with-dsym";
				ENABLE_NS_ASSERTIONS = NO;
				ENABLE_STRICT_OBJC_MSGSEND = YES;
				GCC_C_LANGUAGE_STANDARD = gnu99;
				GCC_NO_COMMON_BLOCKS = YES;
				GCC_WARN_64_TO_32_BIT_CONVERSION = YES;
				GCC_WARN_ABOUT_RETURN_TYPE = YES_ERROR;
				GCC_WARN_UNDECLARED_SELECTOR = YES;
				GCC_WARN_UNINITIALIZED_AUTOS = YES_AGGRESSIVE;
				GCC_WARN_UNUSED_FUNCTION = YES;
				GCC_WARN_UNUSED_VARIABLE = YES;
				IPHONEOS_DEPLOYMENT_TARGET = 10.0;
				MTL_ENABLE_DEBUG_INFO = NO;
				SDKROOT = iphoneos;
				VALIDATE_PRODUCT = YES;
			};
			name = Release;
		};
		D37CBDDE1DB3F2DC0055C9EB /* Debug */ = {
			isa = XCBuildConfiguration;
			buildSettings = {
				ASSETCATALOG_COMPILER_APPICON_NAME = AppIcon;
				INFOPLIST_FILE = "часпм/Info.plist";
				LD_RUNPATH_SEARCH_PATHS = "$(inherited) @executable_path/Frameworks";
				PRODUCT_BUNDLE_IDENTIFIER = "IS.com.-----";
				PRODUCT_NAME = "$(TARGET_NAME)";
			};
			name = Debug;
		};
		D37CBDDF1DB3F2DC0055C9EB /* Release */ = {
			isa = XCBuildConfiguration;
			buildSettings = {
				ASSETCATALOG_COMPILER_APPICON_NAME = AppIcon;
				INFOPLIST_FILE = "часпм/Info.plist";
				LD_RUNPATH_SEARCH_PATHS = "$(inherited) @executable_path/Frameworks";
				PRODUCT_BUNDLE_IDENTIFIER = "IS.com.-----";
				PRODUCT_NAME = "$(TARGET_NAME)";
			};
			name = Release;
		};
/* End XCBuildConfiguration section */

/* Begin XCConfigurationList section */
		D37CBDC11DB3F2DC0055C9EB /* Build configuration list for PBXProject "часпм" */ = {
			isa = XCConfigurationList;
			buildConfigurations = (
				D37CBDDB1DB3F2DC0055C9EB /* Debug */,
				D37CBDDC1DB3F2DC0055C9EB /* Release */,
			);
			defaultConfigurationIsVisible = 0;
			defaultConfigurationName = Release;
		};
		D37CBDDD1DB3F2DC0055C9EB /* Build configuration list for PBXNativeTarget "часпм" */ = {
			isa = XCConfigurationList;
			buildConfigurations = (
				D37CBDDE1DB3F2DC0055C9EB /* Debug */,
				D37CBDDF1DB3F2DC0055C9EB /* Release */,
			);
			defaultConfigurationIsVisible = 0;
		};
/* End XCConfigurationList section */
	};
	rootObject = D37CBDBE1DB3F2DC0055C9EB /* Project object */;
}
